schema: '2.0'
stages:
  validate:
    cmd: uv run python -m src.data.validate
    deps:
    - path: data/raw/creditcard.csv
      hash: md5
      md5: e90efcb83d69faf99fcab8b0255024de
      size: 150828752
    - path: src/config.py
      hash: md5
      md5: d2e0c96fcd34171e1ec1666626b1a074
      size: 5709
    - path: src/data/ingest.py
      hash: md5
      md5: a0b5cd97020bcff659d9a8a1d6aa2ead
      size: 1353
    - path: src/data/validate.py
      hash: md5
      md5: 01daab66ee01f7ce48fa8000b7ea6c45
      size: 4686
    outs:
    - path: reports/validation.json
      hash: md5
      md5: d434d759778563edb0729eb10b66fa5e
      size: 89
  preprocess:
    cmd: uv run python -m src.data.preprocess
    deps:
    - path: data/raw/creditcard.csv
      hash: md5
      md5: e90efcb83d69faf99fcab8b0255024de
      size: 150828752
    - path: reports/validation.json
      hash: md5
      md5: d434d759778563edb0729eb10b66fa5e
      size: 89
    - path: src/config.py
      hash: md5
      md5: d2e0c96fcd34171e1ec1666626b1a074
      size: 5709
    - path: src/data/ingest.py
      hash: md5
      md5: a0b5cd97020bcff659d9a8a1d6aa2ead
      size: 1353
    - path: src/data/preprocess.py
      hash: md5
      md5: 1b37c0612d26010e709c134473ac6254
      size: 5325
    - path: src/data/validate.py
      hash: md5
      md5: 01daab66ee01f7ce48fa8000b7ea6c45
      size: 4686
    params:
      params.yaml:
        preprocess.random_state: 42
        preprocess.scale_columns:
        - Time
        - Amount
        preprocess.test_size: 0.2
    outs:
    - path: data/processed/preprocessor.joblib
      hash: md5
      md5: 098ca1401157d164602ed1dc689614f0
      size: 3016
    - path: data/processed/test.parquet
      hash: md5
      md5: 2e2d48118b1278b5399add1adca3d2ee
      size: 16829300
    - path: data/processed/train.parquet
      hash: md5
      md5: 7ebfafaf61fe7ce531b4f97873711e29
      size: 61639027
  train:
    cmd: uv run python -m src.models.train
    deps:
    - path: data/processed/test.parquet
      hash: md5
      md5: 2e2d48118b1278b5399add1adca3d2ee
      size: 16829300
    - path: data/processed/train.parquet
      hash: md5
      md5: 7ebfafaf61fe7ce531b4f97873711e29
      size: 61639027
    - path: src/config.py
      hash: md5
      md5: d2e0c96fcd34171e1ec1666626b1a074
      size: 5709
    - path: src/models/train.py
      hash: md5
      md5: 6ce23b74a12eda5e407112bc314a4e49
      size: 18742
    params:
      params.yaml:
        train.logistic_regression:
          max_iter: 1000
        train.model: xgboost
        train.random_state: 42
        train.resampling: none
        train.threshold: 0.03
        train.xgboost:
          n_estimators: 300
          max_depth: 5
          learning_rate: 0.1
          scale_pos_weight: 577.29
    outs:
    - path: reports/metrics.json
      hash: md5
      md5: 0b2e575c800ba28af4d4fa7e39943c89
      size: 129
  reference:
    cmd: uv run python -m src.monitoring.reference
    deps:
    - path: data/raw/creditcard.csv
      hash: md5
      md5: e90efcb83d69faf99fcab8b0255024de
      size: 150828752
    - path: src/config.py
      hash: md5
      md5: d2e0c96fcd34171e1ec1666626b1a074
      size: 5709
    - path: src/data/ingest.py
      hash: md5
      md5: a0b5cd97020bcff659d9a8a1d6aa2ead
      size: 1353
    - path: src/data/preprocess.py
      hash: md5
      md5: 1b37c0612d26010e709c134473ac6254
      size: 5325
    - path: src/monitoring/reference.py
      hash: md5
      md5: 2897d42e704f92aef3df7e4c0b2ca438
      size: 5330
    params:
      params.yaml:
        monitoring.random_state: 42
        monitoring.rows: 5000
        preprocess.random_state: 42
        preprocess.test_size: 0.2
    outs:
    - path: data/monitoring/reference.parquet
      hash: md5
      md5: 410c90a46b36d054535e2373d1aa8f65
      size: 1447761
